
Microsoft Visual Studio Solution File, Format Version 12.00
# Visual Studio Version 16
VisualStudioVersion = 16.0.30907.101
MinimumVisualStudioVersion = 10.0.40219.1
Project("{FAE04EC0-301F-11D3-BF4B-00C04F79EFBC}") = "PrimeGame", "PrimeGame\PrimeGame.csproj", "{AE8CC95C-5DF0-4BD4-AC4F-03D50783ABE4}"
EndProject
Global
	GlobalSection(SolutionConfigurationPlatforms) = preSolution
		Debug|Any CPU = Debug|Any CPU
		Release|Any CPU = Release|Any CPU
	EndGlobalSection
	GlobalSection(ProjectConfigurationPlatforms) = postSolution
		{AE8CC95C-5DF0-4BD4-AC4F-03D50783ABE4}.Debug|Any CPU.ActiveCfg = Debug|Any CPU
		{AE8CC95C-5DF0-4BD4-AC4F-03D50783ABE4}.Debug|Any CPU.Build.0 = Debug|Any CPU
		{AE8CC95C-5DF0-4BD4-AC4F-03D50783ABE4}.Release|Any CPU.ActiveCfg = Release|Any CPU
		{AE8CC95C-5DF0-4BD4-AC4F-03D50783ABE4}.Release|Any CPU.Build.0 = Release|Any CPU
	EndGlobalSection
	GlobalSection(SolutionProperties) = preSolution
		HideSolutionNode = FALSE
	EndGlobalSection
	GlobalSection(ExtensibilityGlobals) = postSolution
		SolutionGuid = {00D536EE-4DD9-41C1-9164-AC2E3A0BE48B}
	EndGlobalSection
EndGlobal
